
Microsoft Visual Studio Solution File, Format Version 12.00
Project("{FAE04EC0-301F-11D3-BF4B-00C04F79EFBC}") = "Interceptor", "Interceptor\Interceptor.csproj", "{40708A7E-6A5B-4294-90C5-414B92C862D4}"
EndProject
Project("{FAE04EC0-301F-11D3-BF4B-00C04F79EFBC}") = "Server", "Server\Server.csproj", "{6270FE58-878E-4CF8-ACA3-CD91ADC67628}"
EndProject
Global
	GlobalSection(SolutionConfigurationPlatforms) = preSolution
		Debug|Any CPU = Debug|Any CPU
		Release|Any CPU = Release|Any CPU
	EndGlobalSection
	GlobalSection(ProjectConfigurationPlatforms) = postSolution
		{40708A7E-6A5B-4294-90C5-414B92C862D4}.Debug|Any CPU.ActiveCfg = Debug|Any CPU
		{40708A7E-6A5B-4294-90C5-414B92C862D4}.Debug|Any CPU.Build.0 = Debug|Any CPU
		{40708A7E-6A5B-4294-90C5-414B92C862D4}.Release|Any CPU.ActiveCfg = Release|Any CPU
		{40708A7E-6A5B-4294-90C5-414B92C862D4}.Release|Any CPU.Build.0 = Release|Any CPU
		{6270FE58-878E-4CF8-ACA3-CD91ADC67628}.Debug|Any CPU.ActiveCfg = Debug|Any CPU
		{6270FE58-878E-4CF8-ACA3-CD91ADC67628}.Debug|Any CPU.Build.0 = Debug|Any CPU
		{6270FE58-878E-4CF8-ACA3-CD91ADC67628}.Release|Any CPU.ActiveCfg = Release|Any CPU
		{6270FE58-878E-4CF8-ACA3-CD91ADC67628}.Release|Any CPU.Build.0 = Release|Any CPU
	EndGlobalSection
EndGlobal
