
Microsoft Visual Studio Solution File, Format Version 12.00
Project("{FAE04EC0-301F-11D3-BF4B-00C04F79EFBC}") = "grpcClient", "grpcClient\grpcClient.csproj", "{7412EEC7-9A9B-406D-A41A-0E351E98144D}"
EndProject
Project("{FAE04EC0-301F-11D3-BF4B-00C04F79EFBC}") = "grpcServer", "grpcServer\grpcServer.csproj", "{56D26B46-EC11-42D2-AC6A-60473C3D362D}"
EndProject
Global
	GlobalSection(SolutionConfigurationPlatforms) = preSolution
		Debug|Any CPU = Debug|Any CPU
		Release|Any CPU = Release|Any CPU
	EndGlobalSection
	GlobalSection(ProjectConfigurationPlatforms) = postSolution
		{7412EEC7-9A9B-406D-A41A-0E351E98144D}.Debug|Any CPU.ActiveCfg = Debug|Any CPU
		{7412EEC7-9A9B-406D-A41A-0E351E98144D}.Debug|Any CPU.Build.0 = Debug|Any CPU
		{7412EEC7-9A9B-406D-A41A-0E351E98144D}.Release|Any CPU.ActiveCfg = Release|Any CPU
		{7412EEC7-9A9B-406D-A41A-0E351E98144D}.Release|Any CPU.Build.0 = Release|Any CPU
		{56D26B46-EC11-42D2-AC6A-60473C3D362D}.Debug|Any CPU.ActiveCfg = Debug|Any CPU
		{56D26B46-EC11-42D2-AC6A-60473C3D362D}.Debug|Any CPU.Build.0 = Debug|Any CPU
		{56D26B46-EC11-42D2-AC6A-60473C3D362D}.Release|Any CPU.ActiveCfg = Release|Any CPU
		{56D26B46-EC11-42D2-AC6A-60473C3D362D}.Release|Any CPU.Build.0 = Release|Any CPU
	EndGlobalSection
EndGlobal
