
Microsoft Visual Studio Solution File, Format Version 12.00
Project("{FAE04EC0-301F-11D3-BF4B-00C04F79EFBC}") = "Kuber", "Kuber\Kuber.csproj", "{E7BD29A8-7690-4E9D-B215-508979679F00}"
EndProject
Global
	GlobalSection(SolutionConfigurationPlatforms) = preSolution
		Debug|Any CPU = Debug|Any CPU
		Release|Any CPU = Release|Any CPU
	EndGlobalSection
	GlobalSection(ProjectConfigurationPlatforms) = postSolution
		{E7BD29A8-7690-4E9D-B215-508979679F00}.Debug|Any CPU.ActiveCfg = Debug|Any CPU
		{E7BD29A8-7690-4E9D-B215-508979679F00}.Debug|Any CPU.Build.0 = Debug|Any CPU
		{E7BD29A8-7690-4E9D-B215-508979679F00}.Release|Any CPU.ActiveCfg = Release|Any CPU
		{E7BD29A8-7690-4E9D-B215-508979679F00}.Release|Any CPU.Build.0 = Release|Any CPU
	EndGlobalSection
EndGlobal
